github.com/happybeing/webpack-golang-wasm-async-loader/gobridge v0.0.0-20201126150039-3d18007626dd h1:1jI/4y+zFqMvN8z4cfNgsh9hkllusgY5LFUpcWS8qZ4=
github.com/happybeing/webpack-golang-wasm-async-loader/gobridge v0.0.0-20201126150039-3d18007626dd/go.mod h1:ADm3WtCtL+5PPYEbcxjz8W/SI0sDzDZLBxgvy2jvNHA=
